
Microsoft Visual Studio Solution File, Format Version 12.00
# Visual Studio Version 17
VisualStudioVersion = 17.0.32014.148
MinimumVisualStudioVersion = 10.0.40219.1
Project("{FAE04EC0-301F-11D3-BF4B-00C04F79EFBC}") = "MovieDatabase", "MovieDatabase\MovieDatabase.csproj", "{FB22A8C9-21E9-4A6D-A58F-512A6C3C2B61}"
EndProject
Global
	GlobalSection(SolutionConfigurationPlatforms) = preSolution
		Debug|Any CPU = Debug|Any CPU
		Release|Any CPU = Release|Any CPU
	EndGlobalSection
	GlobalSection(ProjectConfigurationPlatforms) = postSolution
		{FB22A8C9-21E9-4A6D-A58F-512A6C3C2B61}.Debug|Any CPU.ActiveCfg = Debug|Any CPU
		{FB22A8C9-21E9-4A6D-A58F-512A6C3C2B61}.Debug|Any CPU.Build.0 = Debug|Any CPU
		{FB22A8C9-21E9-4A6D-A58F-512A6C3C2B61}.Release|Any CPU.ActiveCfg = Release|Any CPU
		{FB22A8C9-21E9-4A6D-A58F-512A6C3C2B61}.Release|Any CPU.Build.0 = Release|Any CPU
	EndGlobalSection
	GlobalSection(SolutionProperties) = preSolution
		HideSolutionNode = FALSE
	EndGlobalSection
	GlobalSection(ExtensibilityGlobals) = postSolution
		SolutionGuid = {D1E475F6-3044-4856-B8EC-A0A28F717B3D}
	EndGlobalSection
EndGlobal
